
Microsoft Visual Studio Solution File, Format Version 12.00
# Visual Studio Version 16
VisualStudioVersion = 16.0.30611.23
MinimumVisualStudioVersion = 10.0.40219.1
Project("{FAE04EC0-301F-11D3-BF4B-00C04F79EFBC}") = "ProductReviewManagement", "ProductReviewManagement\ProductReviewManagement.csproj", "{8A81EE39-0F98-42EF-9F85-DBE599E860E3}"
EndProject
Global
	GlobalSection(SolutionConfigurationPlatforms) = preSolution
		Debug|Any CPU = Debug|Any CPU
		Release|Any CPU = Release|Any CPU
	EndGlobalSection
	GlobalSection(ProjectConfigurationPlatforms) = postSolution
		{8A81EE39-0F98-42EF-9F85-DBE599E860E3}.Debug|Any CPU.ActiveCfg = Debug|Any CPU
		{8A81EE39-0F98-42EF-9F85-DBE599E860E3}.Debug|Any CPU.Build.0 = Debug|Any CPU
		{8A81EE39-0F98-42EF-9F85-DBE599E860E3}.Release|Any CPU.ActiveCfg = Release|Any CPU
		{8A81EE39-0F98-42EF-9F85-DBE599E860E3}.Release|Any CPU.Build.0 = Release|Any CPU
	EndGlobalSection
	GlobalSection(SolutionProperties) = preSolution
		HideSolutionNode = FALSE
	EndGlobalSection
	GlobalSection(ExtensibilityGlobals) = postSolution
		SolutionGuid = {1BD48D56-D0DE-47E9-A607-7AACD412FBEB}
	EndGlobalSection
EndGlobal
